
Microsoft Visual Studio Solution File, Format Version 12.00
# Visual Studio 14
VisualStudioVersion = 14.0.23107.0
MinimumVisualStudioVersion = 10.0.40219.1
Project("{2150E333-8FDC-42A3-9474-1A3956D46DE8}") = "HashTagMaker", "HashTagMaker", "{BFADD5DA-C3E7-4941-BAB6-AEB3DFE9023B}"
EndProject
Project("{D954291E-2A0B-460D-934E-DC6B0785DB48}") = "HashTagMaker.Shared", "HashTagMaker\HashTagMaker.Shared\HashTagMaker.Shared.shproj", "{2B6A47F7-ACAA-4AB5-9548-C85EF7539436}"
EndProject
Project("{FAE04EC0-301F-11D3-BF4B-00C04F79EFBC}") = "HashTagMaker.Windows", "HashTagMaker\HashTagMaker.Windows\HashTagMaker.Windows.csproj", "{F95B1D83-9491-4C3C-A31C-644201D5DBC6}"
EndProject
Project("{FAE04EC0-301F-11D3-BF4B-00C04F79EFBC}") = "HashTagMaker.WindowsPhone", "HashTagMaker\HashTagMaker.WindowsPhone\HashTagMaker.WindowsPhone.csproj", "{9B77D39C-B484-47A5-A75E-D4E5AC7B0648}"
EndProject
Project("{2150E333-8FDC-42A3-9474-1A3956D46DE8}") = "HashTagMakerNativeLibs", "HashTagMakerNativeLibs", "{7766793A-C69A-41CA-8CC8-89C8528B327D}"
EndProject
Project("{8BC9CEB8-8B4A-11D0-8D11-00A0C91BC942}") = "HashTagMakerNativeLibs.Shared", "HashTagMakerNativeLibs\HashTagMakerNativeLibs.Shared\HashTagMakerNativeLibs.Shared.vcxitems", "{49965762-70CF-45C5-80D9-3C9F991B6B3A}"
EndProject
Project("{8BC9CEB8-8B4A-11D0-8D11-00A0C91BC942}") = "HashTagMakerNativeLibs.Windows", "HashTagMakerNativeLibs\HashTagMakerNativeLibs.Windows\HashTagMakerNativeLibs.Windows.vcxproj", "{3272C65C-1A12-4710-B22F-745DB2A1960E}"
EndProject
Project("{8BC9CEB8-8B4A-11D0-8D11-00A0C91BC942}") = "HashTagMakerNativeLibs.WindowsPhone", "HashTagMakerNativeLibs\HashTagMakerNativeLibs.WindowsPhone\HashTagMakerNativeLibs.WindowsPhone.vcxproj", "{8EED3288-2267-404A-BFEF-750EF9122C84}"
EndProject
Global
	GlobalSection(SharedMSBuildProjectFiles) = preSolution
		HashTagMakerNativeLibs\HashTagMakerNativeLibs.Shared\HashTagMakerNativeLibs.Shared.vcxitems*{8eed3288-2267-404a-bfef-750ef9122c84}*SharedItemsImports = 4
		HashTagMaker\HashTagMaker.Shared\HashTagMaker.Shared.projitems*{9b77d39c-b484-47a5-a75e-d4e5ac7b0648}*SharedItemsImports = 4
		HashTagMakerNativeLibs\HashTagMakerNativeLibs.Shared\HashTagMakerNativeLibs.Shared.vcxitems*{49965762-70cf-45c5-80d9-3c9f991b6b3a}*SharedItemsImports = 9
		HashTagMaker\HashTagMaker.Shared\HashTagMaker.Shared.projitems*{f95b1d83-9491-4c3c-a31c-644201d5dbc6}*SharedItemsImports = 4
		HashTagMaker\HashTagMaker.Shared\HashTagMaker.Shared.projitems*{2b6a47f7-acaa-4ab5-9548-c85ef7539436}*SharedItemsImports = 13
		HashTagMakerNativeLibs\HashTagMakerNativeLibs.Shared\HashTagMakerNativeLibs.Shared.vcxitems*{3272c65c-1a12-4710-b22f-745db2a1960e}*SharedItemsImports = 4
	EndGlobalSection
	GlobalSection(SolutionConfigurationPlatforms) = preSolution
		Debug|Any CPU = Debug|Any CPU
		Debug|ARM = Debug|ARM
		Debug|x64 = Debug|x64
		Debug|x86 = Debug|x86
		Release|Any CPU = Release|Any CPU
		Release|ARM = Release|ARM
		Release|x64 = Release|x64
		Release|x86 = Release|x86
	EndGlobalSection
	GlobalSection(ProjectConfigurationPlatforms) = postSolution
		{F95B1D83-9491-4C3C-A31C-644201D5DBC6}.Debug|Any CPU.ActiveCfg = Debug|Any CPU
		{F95B1D83-9491-4C3C-A31C-644201D5DBC6}.Debug|Any CPU.Build.0 = Debug|Any CPU
		{F95B1D83-9491-4C3C-A31C-644201D5DBC6}.Debug|Any CPU.Deploy.0 = Debug|Any CPU
		{F95B1D83-9491-4C3C-A31C-644201D5DBC6}.Debug|ARM.ActiveCfg = Debug|ARM
		{F95B1D83-9491-4C3C-A31C-644201D5DBC6}.Debug|ARM.Build.0 = Debug|ARM
		{F95B1D83-9491-4C3C-A31C-644201D5DBC6}.Debug|ARM.Deploy.0 = Debug|ARM
		{F95B1D83-9491-4C3C-A31C-644201D5DBC6}.Debug|x64.ActiveCfg = Debug|x64
		{F95B1D83-9491-4C3C-A31C-644201D5DBC6}.Debug|x64.Build.0 = Debug|x64
		{F95B1D83-9491-4C3C-A31C-644201D5DBC6}.Debug|x64.Deploy.0 = Debug|x64
		{F95B1D83-9491-4C3C-A31C-644201D5DBC6}.Debug|x86.ActiveCfg = Debug|x86
		{F95B1D83-9491-4C3C-A31C-644201D5DBC6}.Debug|x86.Build.0 = Debug|x86
		{F95B1D83-9491-4C3C-A31C-644201D5DBC6}.Debug|x86.Deploy.0 = Debug|x86
		{F95B1D83-9491-4C3C-A31C-644201D5DBC6}.Release|Any CPU.ActiveCfg = Release|Any CPU
		{F95B1D83-9491-4C3C-A31C-644201D5DBC6}.Release|Any CPU.Build.0 = Release|Any CPU
		{F95B1D83-9491-4C3C-A31C-644201D5DBC6}.Release|Any CPU.Deploy.0 = Release|Any CPU
		{F95B1D83-9491-4C3C-A31C-644201D5DBC6}.Release|ARM.ActiveCfg = Release|ARM
		{F95B1D83-9491-4C3C-A31C-644201D5DBC6}.Release|ARM.Build.0 = Release|ARM
		{F95B1D83-9491-4C3C-A31C-644201D5DBC6}.Release|ARM.Deploy.0 = Release|ARM
		{F95B1D83-9491-4C3C-A31C-644201D5DBC6}.Release|x64.ActiveCfg = Release|x64
		{F95B1D83-9491-4C3C-A31C-644201D5DBC6}.Release|x64.Build.0 = Release|x64
		{F95B1D83-9491-4C3C-A31C-644201D5DBC6}.Release|x64.Deploy.0 = Release|x64
		{F95B1D83-9491-4C3C-A31C-644201D5DBC6}.Release|x86.ActiveCfg = Release|x86
		{F95B1D83-9491-4C3C-A31C-644201D5DBC6}.Release|x86.Build.0 = Release|x86
		{F95B1D83-9491-4C3C-A31C-644201D5DBC6}.Release|x86.Deploy.0 = Release|x86
		{9B77D39C-B484-47A5-A75E-D4E5AC7B0648}.Debug|Any CPU.ActiveCfg = Debug|Any CPU
		{9B77D39C-B484-47A5-A75E-D4E5AC7B0648}.Debug|Any CPU.Build.0 = Debug|Any CPU
		{9B77D39C-B484-47A5-A75E-D4E5AC7B0648}.Debug|Any CPU.Deploy.0 = Debug|Any CPU
		{9B77D39C-B484-47A5-A75E-D4E5AC7B0648}.Debug|ARM.ActiveCfg = Debug|ARM
		{9B77D39C-B484-47A5-A75E-D4E5AC7B0648}.Debug|ARM.Build.0 = Debug|ARM
		{9B77D39C-B484-47A5-A75E-D4E5AC7B0648}.Debug|ARM.Deploy.0 = Debug|ARM
		{9B77D39C-B484-47A5-A75E-D4E5AC7B0648}.Debug|x64.ActiveCfg = Debug|Any CPU
		{9B77D39C-B484-47A5-A75E-D4E5AC7B0648}.Debug|x64.Build.0 = Debug|Any CPU
		{9B77D39C-B484-47A5-A75E-D4E5AC7B0648}.Debug|x64.Deploy.0 = Debug|Any CPU
		{9B77D39C-B484-47A5-A75E-D4E5AC7B0648}.Debug|x86.ActiveCfg = Debug|x86
		{9B77D39C-B484-47A5-A75E-D4E5AC7B0648}.Debug|x86.Build.0 = Debug|x86
		{9B77D39C-B484-47A5-A75E-D4E5AC7B0648}.Debug|x86.Deploy.0 = Debug|x86
		{9B77D39C-B484-47A5-A75E-D4E5AC7B0648}.Release|Any CPU.ActiveCfg = Release|Any CPU
		{9B77D39C-B484-47A5-A75E-D4E5AC7B0648}.Release|Any CPU.Build.0 = Release|Any CPU
		{9B77D39C-B484-47A5-A75E-D4E5AC7B0648}.Release|Any CPU.Deploy.0 = Release|Any CPU
		{9B77D39C-B484-47A5-A75E-D4E5AC7B0648}.Release|ARM.ActiveCfg = Release|ARM
		{9B77D39C-B484-47A5-A75E-D4E5AC7B0648}.Release|ARM.Build.0 = Release|ARM
		{9B77D39C-B484-47A5-A75E-D4E5AC7B0648}.Release|ARM.Deploy.0 = Release|ARM
		{9B77D39C-B484-47A5-A75E-D4E5AC7B0648}.Release|x64.ActiveCfg = Release|Any CPU
		{9B77D39C-B484-47A5-A75E-D4E5AC7B0648}.Release|x64.Build.0 = Release|Any CPU
		{9B77D39C-B484-47A5-A75E-D4E5AC7B0648}.Release|x64.Deploy.0 = Release|Any CPU
		{9B77D39C-B484-47A5-A75E-D4E5AC7B0648}.Release|x86.ActiveCfg = Release|x86
		{9B77D39C-B484-47A5-A75E-D4E5AC7B0648}.Release|x86.Build.0 = Release|x86
		{9B77D39C-B484-47A5-A75E-D4E5AC7B0648}.Release|x86.Deploy.0 = Release|x86
		{3272C65C-1A12-4710-B22F-745DB2A1960E}.Debug|Any CPU.ActiveCfg = Debug|Win32
		{3272C65C-1A12-4710-B22F-745DB2A1960E}.Debug|ARM.ActiveCfg = Debug|ARM
		{3272C65C-1A12-4710-B22F-745DB2A1960E}.Debug|ARM.Build.0 = Debug|ARM
		{3272C65C-1A12-4710-B22F-745DB2A1960E}.Debug|x64.ActiveCfg = Debug|x64
		{3272C65C-1A12-4710-B22F-745DB2A1960E}.Debug|x64.Build.0 = Debug|x64
		{3272C65C-1A12-4710-B22F-745DB2A1960E}.Debug|x86.ActiveCfg = Debug|Win32
		{3272C65C-1A12-4710-B22F-745DB2A1960E}.Debug|x86.Build.0 = Debug|Win32
		{3272C65C-1A12-4710-B22F-745DB2A1960E}.Release|Any CPU.ActiveCfg = Release|Win32
		{3272C65C-1A12-4710-B22F-745DB2A1960E}.Release|ARM.ActiveCfg = Release|ARM
		{3272C65C-1A12-4710-B22F-745DB2A1960E}.Release|ARM.Build.0 = Release|ARM
		{3272C65C-1A12-4710-B22F-745DB2A1960E}.Release|x64.ActiveCfg = Release|x64
		{3272C65C-1A12-4710-B22F-745DB2A1960E}.Release|x64.Build.0 = Release|x64
		{3272C65C-1A12-4710-B22F-745DB2A1960E}.Release|x86.ActiveCfg = Release|Win32
		{3272C65C-1A12-4710-B22F-745DB2A1960E}.Release|x86.Build.0 = Release|Win32
		{8EED3288-2267-404A-BFEF-750EF9122C84}.Debug|Any CPU.ActiveCfg = Debug|Win32
		{8EED3288-2267-404A-BFEF-750EF9122C84}.Debug|ARM.ActiveCfg = Debug|ARM
		{8EED3288-2267-404A-BFEF-750EF9122C84}.Debug|ARM.Build.0 = Debug|ARM
		{8EED3288-2267-404A-BFEF-750EF9122C84}.Debug|x64.ActiveCfg = Debug|Win32
		{8EED3288-2267-404A-BFEF-750EF9122C84}.Debug|x86.ActiveCfg = Debug|Win32
		{8EED3288-2267-404A-BFEF-750EF9122C84}.Debug|x86.Build.0 = Debug|Win32
		{8EED3288-2267-404A-BFEF-750EF9122C84}.Release|Any CPU.ActiveCfg = Release|Win32
		{8EED3288-2267-404A-BFEF-750EF9122C84}.Release|ARM.ActiveCfg = Release|ARM
		{8EED3288-2267-404A-BFEF-750EF9122C84}.Release|ARM.Build.0 = Release|ARM
		{8EED3288-2267-404A-BFEF-750EF9122C84}.Release|x64.ActiveCfg = Release|Win32
		{8EED3288-2267-404A-BFEF-750EF9122C84}.Release|x86.ActiveCfg = Release|Win32
		{8EED3288-2267-404A-BFEF-750EF9122C84}.Release|x86.Build.0 = Release|Win32
	EndGlobalSection
	GlobalSection(SolutionProperties) = preSolution
		HideSolutionNode = FALSE
	EndGlobalSection
	GlobalSection(NestedProjects) = preSolution
		{2B6A47F7-ACAA-4AB5-9548-C85EF7539436} = {BFADD5DA-C3E7-4941-BAB6-AEB3DFE9023B}
		{F95B1D83-9491-4C3C-A31C-644201D5DBC6} = {BFADD5DA-C3E7-4941-BAB6-AEB3DFE9023B}
		{9B77D39C-B484-47A5-A75E-D4E5AC7B0648} = {BFADD5DA-C3E7-4941-BAB6-AEB3DFE9023B}
		{49965762-70CF-45C5-80D9-3C9F991B6B3A} = {7766793A-C69A-41CA-8CC8-89C8528B327D}
		{3272C65C-1A12-4710-B22F-745DB2A1960E} = {7766793A-C69A-41CA-8CC8-89C8528B327D}
		{8EED3288-2267-404A-BFEF-750EF9122C84} = {7766793A-C69A-41CA-8CC8-89C8528B327D}
	EndGlobalSection
EndGlobal
